
Microsoft Visual Studio Solution File, Format Version 12.00
Project("{FAE04EC0-301F-11D3-BF4B-00C04F79EFBC}") = "PokerTrackerAPI", "PokerTrackerAPI\PokerTrackerAPI.csproj", "{216E81D8-E445-4963-AC25-26D386F99C89}"
EndProject
Global
	GlobalSection(SolutionConfigurationPlatforms) = preSolution
		Debug|Any CPU = Debug|Any CPU
		Release|Any CPU = Release|Any CPU
	EndGlobalSection
	GlobalSection(ProjectConfigurationPlatforms) = postSolution
		{216E81D8-E445-4963-AC25-26D386F99C89}.Debug|Any CPU.ActiveCfg = Debug|Any CPU
		{216E81D8-E445-4963-AC25-26D386F99C89}.Debug|Any CPU.Build.0 = Debug|Any CPU
		{216E81D8-E445-4963-AC25-26D386F99C89}.Release|Any CPU.ActiveCfg = Release|Any CPU
		{216E81D8-E445-4963-AC25-26D386F99C89}.Release|Any CPU.Build.0 = Release|Any CPU
	EndGlobalSection
EndGlobal
